
Microsoft Visual Studio Solution File, Format Version 12.00
# Visual Studio Version 16
VisualStudioVersion = 16.0.30320.27
MinimumVisualStudioVersion = 10.0.40219.1
Project("{FAE04EC0-301F-11D3-BF4B-00C04F79EFBC}") = "SampleDevOps2", "SampleDevOps2\SampleDevOps2.csproj", "{2651E945-2060-46DB-A756-327735F3888D}"
EndProject
Global
	GlobalSection(SolutionConfigurationPlatforms) = preSolution
		Debug|Any CPU = Debug|Any CPU
		Release|Any CPU = Release|Any CPU
	EndGlobalSection
	GlobalSection(ProjectConfigurationPlatforms) = postSolution
		{2651E945-2060-46DB-A756-327735F3888D}.Debug|Any CPU.ActiveCfg = Debug|Any CPU
		{2651E945-2060-46DB-A756-327735F3888D}.Debug|Any CPU.Build.0 = Debug|Any CPU
		{2651E945-2060-46DB-A756-327735F3888D}.Release|Any CPU.ActiveCfg = Release|Any CPU
		{2651E945-2060-46DB-A756-327735F3888D}.Release|Any CPU.Build.0 = Release|Any CPU
	EndGlobalSection
	GlobalSection(SolutionProperties) = preSolution
		HideSolutionNode = FALSE
	EndGlobalSection
	GlobalSection(ExtensibilityGlobals) = postSolution
		SolutionGuid = {31F5C3EC-6C09-4506-ACDE-E29FA5A38DB6}
	EndGlobalSection
EndGlobal
